
Microsoft Visual Studio Solution File, Format Version 12.00
# Visual Studio Version 17
VisualStudioVersion = 17.0.31903.59
MinimumVisualStudioVersion = 10.0.40219.1
Project("{FAE04EC0-301F-11D3-BF4B-00C04F79EFBC}") = "Day01", "Day01\Day01.csproj", "{27904AAE-33D7-4423-8D9A-4A2069C605A0}"
EndProject
Project("{FAE04EC0-301F-11D3-BF4B-00C04F79EFBC}") = "Day02", "Day02\Day02.csproj", "{BB9B5447-E404-4C1C-B064-D858EA0524AA}"
EndProject
Project("{FAE04EC0-301F-11D3-BF4B-00C04F79EFBC}") = "Day03", "Day03\Day03.csproj", "{FE2D6DDB-4054-46D0-8E93-574FED71D950}"
EndProject
Project("{FAE04EC0-301F-11D3-BF4B-00C04F79EFBC}") = "Day04", "Day04\Day04.csproj", "{B0B544CB-2D93-4A76-A248-CF0F10D0A9C9}"
EndProject
Project("{FAE04EC0-301F-11D3-BF4B-00C04F79EFBC}") = "Day05", "Day05\Day05.csproj", "{C6A8AB92-A0D8-4D7F-BD84-C576AF74437E}"
EndProject
Project("{FAE04EC0-301F-11D3-BF4B-00C04F79EFBC}") = "Day06", "Day06\Day06.csproj", "{010BDC73-62F9-4F01-99EE-0F4DC9CB4F8E}"
EndProject
Project("{FAE04EC0-301F-11D3-BF4B-00C04F79EFBC}") = "FooBar", "FooBar\FooBar.csproj", "{0CB72C81-F7C9-44BF-B112-9BBA6849C37D}"
EndProject
Project("{FAE04EC0-301F-11D3-BF4B-00C04F79EFBC}") = "Day07", "Day07\Day07.csproj", "{9AD962AD-0897-4731-B824-E17C7C2EBC20}"
EndProject
Project("{FAE04EC0-301F-11D3-BF4B-00C04F79EFBC}") = "Day08", "Day08\Day08.csproj", "{ED7E35BB-EEF6-444F-B57B-E3AF04B13991}"
EndProject
Project("{FAE04EC0-301F-11D3-BF4B-00C04F79EFBC}") = "Day09", "Day09\Day09.csproj", "{2F5C0F6D-5656-4754-81F1-8BB9316AA2AF}"
EndProject
Project("{FAE04EC0-301F-11D3-BF4B-00C04F79EFBC}") = "Day10", "Day10\Day10.csproj", "{EDCFA7D6-4D0C-40FA-BD60-23CA7418049F}"
EndProject
Project("{FAE04EC0-301F-11D3-BF4B-00C04F79EFBC}") = "Day11", "Day11\Day11.csproj", "{B35445E4-9193-47B1-803A-2B6443E6E480}"
EndProject
Project("{FAE04EC0-301F-11D3-BF4B-00C04F79EFBC}") = "MonopolyGame", "MonopolyGame\MonopolyGame.csproj", "{E63C0512-BCEA-4FF4-BC6F-A63F1F68DAAC}"
EndProject
Project("{FAE04EC0-301F-11D3-BF4B-00C04F79EFBC}") = "Uno", "Uno\Uno.csproj", "{61C9B211-382A-4D19-805A-6FD88B99EB11}"
EndProject
Project("{FAE04EC0-301F-11D3-BF4B-00C04F79EFBC}") = "Day12", "Day12\Day12.csproj", "{8D0E27E4-FA80-473F-A3DC-76C5D7D828A2}"
EndProject
Project("{FAE04EC0-301F-11D3-BF4B-00C04F79EFBC}") = "Day13", "Day13\Day13.csproj", "{02909F32-C669-41F7-BAB1-08766E643D39}"
EndProject
Project("{FAE04EC0-301F-11D3-BF4B-00C04F79EFBC}") = "ChessGame", "ChessGame\ChessGame.csproj", "{63C8F315-C26D-4434-9513-58C88F51B8BE}"
EndProject
Project("{FAE04EC0-301F-11D3-BF4B-00C04F79EFBC}") = "Day14", "Day14\Day14.csproj", "{CA158034-D43D-4506-8C02-E26AE41848AD}"
EndProject
Project("{FAE04EC0-301F-11D3-BF4B-00C04F79EFBC}") = "ChessWinForms", "ChessWinForms\ChessWinForms.csproj", "{8C96AD5E-E7BA-4497-B9AA-36B7D204AAA9}"
EndProject
Project("{FAE04EC0-301F-11D3-BF4B-00C04F79EFBC}") = "Test", "Test\Test.csproj", "{AA9D5C1F-2A59-4C84-A2BD-75B00BB77AD8}"
EndProject
Global
	GlobalSection(SolutionConfigurationPlatforms) = preSolution
		Debug|Any CPU = Debug|Any CPU
		Release|Any CPU = Release|Any CPU
	EndGlobalSection
	GlobalSection(SolutionProperties) = preSolution
		HideSolutionNode = FALSE
	EndGlobalSection
	GlobalSection(ProjectConfigurationPlatforms) = postSolution
		{27904AAE-33D7-4423-8D9A-4A2069C605A0}.Debug|Any CPU.ActiveCfg = Debug|Any CPU
		{27904AAE-33D7-4423-8D9A-4A2069C605A0}.Debug|Any CPU.Build.0 = Debug|Any CPU
		{27904AAE-33D7-4423-8D9A-4A2069C605A0}.Release|Any CPU.ActiveCfg = Release|Any CPU
		{27904AAE-33D7-4423-8D9A-4A2069C605A0}.Release|Any CPU.Build.0 = Release|Any CPU
		{BB9B5447-E404-4C1C-B064-D858EA0524AA}.Debug|Any CPU.ActiveCfg = Debug|Any CPU
		{BB9B5447-E404-4C1C-B064-D858EA0524AA}.Debug|Any CPU.Build.0 = Debug|Any CPU
		{BB9B5447-E404-4C1C-B064-D858EA0524AA}.Release|Any CPU.ActiveCfg = Release|Any CPU
		{BB9B5447-E404-4C1C-B064-D858EA0524AA}.Release|Any CPU.Build.0 = Release|Any CPU
		{FE2D6DDB-4054-46D0-8E93-574FED71D950}.Debug|Any CPU.ActiveCfg = Debug|Any CPU
		{FE2D6DDB-4054-46D0-8E93-574FED71D950}.Debug|Any CPU.Build.0 = Debug|Any CPU
		{FE2D6DDB-4054-46D0-8E93-574FED71D950}.Release|Any CPU.ActiveCfg = Release|Any CPU
		{FE2D6DDB-4054-46D0-8E93-574FED71D950}.Release|Any CPU.Build.0 = Release|Any CPU
		{B0B544CB-2D93-4A76-A248-CF0F10D0A9C9}.Debug|Any CPU.ActiveCfg = Debug|Any CPU
		{B0B544CB-2D93-4A76-A248-CF0F10D0A9C9}.Debug|Any CPU.Build.0 = Debug|Any CPU
		{B0B544CB-2D93-4A76-A248-CF0F10D0A9C9}.Release|Any CPU.ActiveCfg = Release|Any CPU
		{B0B544CB-2D93-4A76-A248-CF0F10D0A9C9}.Release|Any CPU.Build.0 = Release|Any CPU
		{C6A8AB92-A0D8-4D7F-BD84-C576AF74437E}.Debug|Any CPU.ActiveCfg = Debug|Any CPU
		{C6A8AB92-A0D8-4D7F-BD84-C576AF74437E}.Debug|Any CPU.Build.0 = Debug|Any CPU
		{C6A8AB92-A0D8-4D7F-BD84-C576AF74437E}.Release|Any CPU.ActiveCfg = Release|Any CPU
		{C6A8AB92-A0D8-4D7F-BD84-C576AF74437E}.Release|Any CPU.Build.0 = Release|Any CPU
		{010BDC73-62F9-4F01-99EE-0F4DC9CB4F8E}.Debug|Any CPU.ActiveCfg = Debug|Any CPU
		{010BDC73-62F9-4F01-99EE-0F4DC9CB4F8E}.Debug|Any CPU.Build.0 = Debug|Any CPU
		{010BDC73-62F9-4F01-99EE-0F4DC9CB4F8E}.Release|Any CPU.ActiveCfg = Release|Any CPU
		{010BDC73-62F9-4F01-99EE-0F4DC9CB4F8E}.Release|Any CPU.Build.0 = Release|Any CPU
		{0CB72C81-F7C9-44BF-B112-9BBA6849C37D}.Debug|Any CPU.ActiveCfg = Debug|Any CPU
		{0CB72C81-F7C9-44BF-B112-9BBA6849C37D}.Debug|Any CPU.Build.0 = Debug|Any CPU
		{0CB72C81-F7C9-44BF-B112-9BBA6849C37D}.Release|Any CPU.ActiveCfg = Release|Any CPU
		{0CB72C81-F7C9-44BF-B112-9BBA6849C37D}.Release|Any CPU.Build.0 = Release|Any CPU
		{9AD962AD-0897-4731-B824-E17C7C2EBC20}.Debug|Any CPU.ActiveCfg = Debug|Any CPU
		{9AD962AD-0897-4731-B824-E17C7C2EBC20}.Debug|Any CPU.Build.0 = Debug|Any CPU
		{9AD962AD-0897-4731-B824-E17C7C2EBC20}.Release|Any CPU.ActiveCfg = Release|Any CPU
		{9AD962AD-0897-4731-B824-E17C7C2EBC20}.Release|Any CPU.Build.0 = Release|Any CPU
		{ED7E35BB-EEF6-444F-B57B-E3AF04B13991}.Debug|Any CPU.ActiveCfg = Debug|Any CPU
		{ED7E35BB-EEF6-444F-B57B-E3AF04B13991}.Debug|Any CPU.Build.0 = Debug|Any CPU
		{ED7E35BB-EEF6-444F-B57B-E3AF04B13991}.Release|Any CPU.ActiveCfg = Release|Any CPU
		{ED7E35BB-EEF6-444F-B57B-E3AF04B13991}.Release|Any CPU.Build.0 = Release|Any CPU
		{2F5C0F6D-5656-4754-81F1-8BB9316AA2AF}.Debug|Any CPU.ActiveCfg = Debug|Any CPU
		{2F5C0F6D-5656-4754-81F1-8BB9316AA2AF}.Debug|Any CPU.Build.0 = Debug|Any CPU
		{2F5C0F6D-5656-4754-81F1-8BB9316AA2AF}.Release|Any CPU.ActiveCfg = Release|Any CPU
		{2F5C0F6D-5656-4754-81F1-8BB9316AA2AF}.Release|Any CPU.Build.0 = Release|Any CPU
		{EDCFA7D6-4D0C-40FA-BD60-23CA7418049F}.Debug|Any CPU.ActiveCfg = Debug|Any CPU
		{EDCFA7D6-4D0C-40FA-BD60-23CA7418049F}.Debug|Any CPU.Build.0 = Debug|Any CPU
		{EDCFA7D6-4D0C-40FA-BD60-23CA7418049F}.Release|Any CPU.ActiveCfg = Release|Any CPU
		{EDCFA7D6-4D0C-40FA-BD60-23CA7418049F}.Release|Any CPU.Build.0 = Release|Any CPU
		{B35445E4-9193-47B1-803A-2B6443E6E480}.Debug|Any CPU.ActiveCfg = Debug|Any CPU
		{B35445E4-9193-47B1-803A-2B6443E6E480}.Debug|Any CPU.Build.0 = Debug|Any CPU
		{B35445E4-9193-47B1-803A-2B6443E6E480}.Release|Any CPU.ActiveCfg = Release|Any CPU
		{B35445E4-9193-47B1-803A-2B6443E6E480}.Release|Any CPU.Build.0 = Release|Any CPU
		{E63C0512-BCEA-4FF4-BC6F-A63F1F68DAAC}.Debug|Any CPU.ActiveCfg = Debug|Any CPU
		{E63C0512-BCEA-4FF4-BC6F-A63F1F68DAAC}.Debug|Any CPU.Build.0 = Debug|Any CPU
		{E63C0512-BCEA-4FF4-BC6F-A63F1F68DAAC}.Release|Any CPU.ActiveCfg = Release|Any CPU
		{E63C0512-BCEA-4FF4-BC6F-A63F1F68DAAC}.Release|Any CPU.Build.0 = Release|Any CPU
		{3022705A-74B8-4E1B-8DDA-821E99DCC54D}.Debug|Any CPU.ActiveCfg = Debug|Any CPU
		{3022705A-74B8-4E1B-8DDA-821E99DCC54D}.Debug|Any CPU.Build.0 = Debug|Any CPU
		{3022705A-74B8-4E1B-8DDA-821E99DCC54D}.Release|Any CPU.ActiveCfg = Release|Any CPU
		{3022705A-74B8-4E1B-8DDA-821E99DCC54D}.Release|Any CPU.Build.0 = Release|Any CPU
		{61C9B211-382A-4D19-805A-6FD88B99EB11}.Debug|Any CPU.ActiveCfg = Debug|Any CPU
		{61C9B211-382A-4D19-805A-6FD88B99EB11}.Debug|Any CPU.Build.0 = Debug|Any CPU
		{61C9B211-382A-4D19-805A-6FD88B99EB11}.Release|Any CPU.ActiveCfg = Release|Any CPU
		{61C9B211-382A-4D19-805A-6FD88B99EB11}.Release|Any CPU.Build.0 = Release|Any CPU
		{8D0E27E4-FA80-473F-A3DC-76C5D7D828A2}.Debug|Any CPU.ActiveCfg = Debug|Any CPU
		{8D0E27E4-FA80-473F-A3DC-76C5D7D828A2}.Debug|Any CPU.Build.0 = Debug|Any CPU
		{8D0E27E4-FA80-473F-A3DC-76C5D7D828A2}.Release|Any CPU.ActiveCfg = Release|Any CPU
		{8D0E27E4-FA80-473F-A3DC-76C5D7D828A2}.Release|Any CPU.Build.0 = Release|Any CPU
		{02909F32-C669-41F7-BAB1-08766E643D39}.Debug|Any CPU.ActiveCfg = Debug|Any CPU
		{02909F32-C669-41F7-BAB1-08766E643D39}.Debug|Any CPU.Build.0 = Debug|Any CPU
		{02909F32-C669-41F7-BAB1-08766E643D39}.Release|Any CPU.ActiveCfg = Release|Any CPU
		{02909F32-C669-41F7-BAB1-08766E643D39}.Release|Any CPU.Build.0 = Release|Any CPU
		{63C8F315-C26D-4434-9513-58C88F51B8BE}.Debug|Any CPU.ActiveCfg = Debug|Any CPU
		{63C8F315-C26D-4434-9513-58C88F51B8BE}.Debug|Any CPU.Build.0 = Debug|Any CPU
		{63C8F315-C26D-4434-9513-58C88F51B8BE}.Release|Any CPU.ActiveCfg = Release|Any CPU
		{63C8F315-C26D-4434-9513-58C88F51B8BE}.Release|Any CPU.Build.0 = Release|Any CPU
		{CA158034-D43D-4506-8C02-E26AE41848AD}.Debug|Any CPU.ActiveCfg = Debug|Any CPU
		{CA158034-D43D-4506-8C02-E26AE41848AD}.Debug|Any CPU.Build.0 = Debug|Any CPU
		{CA158034-D43D-4506-8C02-E26AE41848AD}.Release|Any CPU.ActiveCfg = Release|Any CPU
		{CA158034-D43D-4506-8C02-E26AE41848AD}.Release|Any CPU.Build.0 = Release|Any CPU
		{8C96AD5E-E7BA-4497-B9AA-36B7D204AAA9}.Debug|Any CPU.ActiveCfg = Debug|Any CPU
		{8C96AD5E-E7BA-4497-B9AA-36B7D204AAA9}.Debug|Any CPU.Build.0 = Debug|Any CPU
		{8C96AD5E-E7BA-4497-B9AA-36B7D204AAA9}.Release|Any CPU.ActiveCfg = Release|Any CPU
		{8C96AD5E-E7BA-4497-B9AA-36B7D204AAA9}.Release|Any CPU.Build.0 = Release|Any CPU
		{AA9D5C1F-2A59-4C84-A2BD-75B00BB77AD8}.Debug|Any CPU.ActiveCfg = Debug|Any CPU
		{AA9D5C1F-2A59-4C84-A2BD-75B00BB77AD8}.Debug|Any CPU.Build.0 = Debug|Any CPU
		{AA9D5C1F-2A59-4C84-A2BD-75B00BB77AD8}.Release|Any CPU.ActiveCfg = Release|Any CPU
		{AA9D5C1F-2A59-4C84-A2BD-75B00BB77AD8}.Release|Any CPU.Build.0 = Release|Any CPU
	EndGlobalSection
	GlobalSection(NestedProjects) = preSolution
	EndGlobalSection
EndGlobal
